// !$*UTF8*$!
{
	archiveVersion = 1;
	classes = {
	};
	objectVersion = 50;
	objects = {

/* Begin PBXBuildFile section */
		28F046AF2484EE4B00B08D5E /* AppDelegate.swift in Sources */ = {isa = PBXBuildFile; fileRef = 28F046AE2484EE4B00B08D5E /* AppDelegate.swift */; };
		28F046B12484EE4B00B08D5E /* SceneDelegate.swift in Sources */ = {isa = PBXBuildFile; fileRef = 28F046B02484EE4B00B08D5E /* SceneDelegate.swift */; };
		28F046B32484EE4B00B08D5E /* ViewController.swift in Sources */ = {isa = PBXBuildFile; fileRef = 28F046B22484EE4B00B08D5E /* ViewController.swift */; };
		28F046B62484EE4B00B08D5E /* Main.storyboard in Resources */ = {isa = PBXBuildFile; fileRef = 28F046B42484EE4B00B08D5E /* Main.storyboard */; };
		28F046B82484EE4C00B08D5E /* Assets.xcassets in Resources */ = {isa = PBXBuildFile; fileRef = 28F046B72484EE4C00B08D5E /* Assets.xcassets */; };
		28F046BB2484EE4C00B08D5E /* LaunchScreen.storyboard in Resources */ = {isa = PBXBuildFile; fileRef = 28F046B92484EE4C00B08D5E /* LaunchScreen.storyboard */; };
/* End PBXBuildFile section */

/* Begin PBXFileReference section */
		28F046AB2484EE4B00B08D5E /* FacebookAuth Demo.app */ = {isa = PBXFileReference; explicitFileType = wrapper.application; includeInIndex = 0; path = "FacebookAuth Demo.app"; sourceTree = BUILT_PRODUCTS_DIR; };
		28F046AE2484EE4B00B08D5E /* AppDelegate.swift */ = {isa = PBXFileReference; lastKnownFileType = sourcecode.swift; path = AppDelegate.swift; sourceTree = "<group>"; };
		28F046B02484EE4B00B08D5E /* SceneDelegate.swift */ = {isa = PBXFileReference; lastKnownFileType = sourcecode.swift; path = SceneDelegate.swift; sourceTree = "<group>"; };
		28F046B22484EE4B00B08D5E /* ViewController.swift */ = {isa = PBXFileReference; lastKnownFileType = sourcecode.swift; path = ViewController.swift; sourceTree = "<group>"; };
		28F046B52484EE4B00B08D5E /* Base */ = {isa = PBXFileReference; lastKnownFileType = file.storyboard; name = Base; path = Base.lproj/Main.storyboard; sourceTree = "<group>"; };
		28F046B72484EE4C00B08D5E /* Assets.xcassets */ = {isa = PBXFileReference; lastKnownFileType = folder.assetcatalog; path = Assets.xcassets; sourceTree = "<group>"; };
		28F046BA2484EE4C00B08D5E /* Base */ = {isa = PBXFileReference; lastKnownFileType = file.storyboard; name = Base; path = Base.lproj/LaunchScreen.storyboard; sourceTree = "<group>"; };
		28F046BC2484EE4C00B08D5E /* Info.plist */ = {isa = PBXFileReference; lastKnownFileType = text.plist.xml; path = Info.plist; sourceTree = "<group>"; };
/* End PBXFileReference section */

/* Begin PBXFrameworksBuildPhase section */
		28F046A82484EE4B00B08D5E /* Frameworks */ = {
			isa = PBXFrameworksBuildPhase;
			buildActionMask = 2147483647;
			files = (
			);
			runOnlyForDeploymentPostprocessing = 0;
		};
/* End PBXFrameworksBuildPhase section */

/* Begin PBXGroup section */
		28F046A22484EE4B00B08D5E = {
			isa = PBXGroup;
			children = (
				28F046AD2484EE4B00B08D5E /* FacebookAuth Demo */,
				28F046AC2484EE4B00B08D5E /* Products */,
			);
			sourceTree = "<group>";
		};
		28F046AC2484EE4B00B08D5E /* Products */ = {
			isa = PBXGroup;
			children = (
				28F046AB2484EE4B00B08D5E /* FacebookAuth Demo.app */,
			);
			name = Products;
			sourceTree = "<group>";
		};
		28F046AD2484EE4B00B08D5E /* FacebookAuth Demo */ = {
			isa = PBXGroup;
			children = (
				28F046AE2484EE4B00B08D5E /* AppDelegate.swift */,
				28F046B02484EE4B00B08D5E /* SceneDelegate.swift */,
				28F046B22484EE4B00B08D5E /* ViewController.swift */,
				28F046B42484EE4B00B08D5E /* Main.storyboard */,
				28F046B72484EE4C00B08D5E /* Assets.xcassets */,
				28F046B92484EE4C00B08D5E /* LaunchScreen.storyboard */,
				28F046BC2484EE4C00B08D5E /* Info.plist */,
			);
			path = "FacebookAuth Demo";
			sourceTree = "<group>";
		};
/* End PBXGroup section */

/* Begin PBXNativeTarget section */
		28F046AA2484EE4B00B08D5E /* FacebookAuth Demo */ = {
			isa = PBXNativeTarget;
			buildConfigurationList = 28F046BF2484EE4C00B08D5E /* Build configuration list for PBXNativeTarget "FacebookAuth Demo" */;
			buildPhases = (
				28F046A72484EE4B00B08D5E /* Sources */,
				28F046A82484EE4B00B08D5E /* Frameworks */,
				28F046A92484EE4B00B08D5E /* Resources */,
			);
			buildRules = (
			);
			dependencies = (
			);
			name = "FacebookAuth Demo";
			productName = "FacebookAuth Demo";
			productReference = 28F046AB2484EE4B00B08D5E /* FacebookAuth Demo.app */;
			productType = "com.apple.product-type.application";
		};
/* End PBXNativeTarget section */

/* Begin PBXProject section */
		28F046A32484EE4B00B08D5E /* Project object */ = {
			isa = PBXProject;
			attributes = {
				LastSwiftUpdateCheck = 1150;
				LastUpgradeCheck = 1150;
				ORGANIZATIONNAME = "Ahmad Nabili";
				TargetAttributes = {
					28F046AA2484EE4B00B08D5E = {
						CreatedOnToolsVersion = 11.5;
					};
				};
			};
			buildConfigurationList = 28F046A62484EE4B00B08D5E /* Build configuration list for PBXProject "FacebookAuth Demo" */;
			compatibilityVersion = "Xcode 9.3";
			developmentRegion = en;
			hasScannedForEncodings = 0;
			knownRegions = (
				en,
				Base,
			);
			mainGroup = 28F046A22484EE4B00B08D5E;
			productRefGroup = 28F046AC2484EE4B00B08D5E /* Products */;
			projectDirPath = "";
			projectRoot = "";
			targets = (
				28F046AA2484EE4B00B08D5E /* FacebookAuth Demo */,
			);
		};
/* End PBXProject section */

/* Begin PBXResourcesBuildPhase section */
		28F046A92484EE4B00B08D5E /* Resources */ = {
			isa = PBXResourcesBuildPhase;
			buildActionMask = 2147483647;
			files = (
				28F046BB2484EE4C00B08D5E /* LaunchScreen.storyboard in Resources */,
				28F046B82484EE4C00B08D5E /* Assets.xcassets in Resources */,
				28F046B62484EE4B00B08D5E /* Main.storyboard in Resources */,
			);
			runOnlyForDeploymentPostprocessing = 0;
		};
/* End PBXResourcesBuildPhase section */

/* Begin PBXSourcesBuildPhase section */
		28F046A72484EE4B00B08D5E /* Sources */ = {
			isa = PBXSourcesBuildPhase;
			buildActionMask = 2147483647;
			files = (
				28F046B32484EE4B00B08D5E /* ViewController.swift in Sources */,
				28F046AF2484EE4B00B08D5E /* AppDelegate.swift in Sources */,
				28F046B12484EE4B00B08D5E /* SceneDelegate.swift in Sources */,
			);
			runOnlyForDeploymentPostprocessing = 0;
		};
/* End PBXSourcesBuildPhase section */

/* Begin PBXVariantGroup section */
		28F046B42484EE4B00B08D5E /* Main.storyboard */ = {
			isa = PBXVariantGroup;
			children = (
				28F046B52484EE4B00B08D5E /* Base */,
			);
			name = Main.storyboard;
			sourceTree = "<group>";
		};
		28F046B92484EE4C00B08D5E /* LaunchScreen.storyboard */ = {
			isa = PBXVariantGroup;
			children = (
				28F046BA2484EE4C00B08D5E /* Base */,
			);
			name = LaunchScreen.storyboard;
			sourceTree = "<group>";
		};
/* End PBXVariantGroup section */

/* Begin XCBuildConfiguration section */
		28F046BD2484EE4C00B08D5E /* Debug */ = {
			isa = XCBuildConfiguration;
			buildSettings = {
				ALWAYS_SEARCH_USER_PATHS = NO;
				CLANG_ANALYZER_NONNULL = YES;
				CLANG_ANALYZER_NUMBER_OBJECT_CONVERSION = YES_AGGRESSIVE;
				CLANG_CXX_LANGUAGE_STANDARD = "gnu++14";
				CLANG_CXX_LIBRARY = "libc++";
				CLANG_ENABLE_MODULES = YES;
				CLANG_ENABLE_OBJC_ARC = YES;
				CLANG_ENABLE_OBJC_WEAK = YES;
				CLANG_WARN_BLOCK_CAPTURE_AUTORELEASING = YES;
				CLANG_WARN_BOOL_CONVERSION = YES;
				CLANG_WARN_COMMA = YES;
				CLANG_WARN_CONSTANT_CONVERSION = YES;
				CLANG_WARN_DEPRECATED_OBJC_IMPLEMENTATIONS = YES;
				CLANG_WARN_DIRECT_OBJC_ISA_USAGE = YES_ERROR;
				CLANG_WARN_DOCUMENTATION_COMMENTS = YES;
				CLANG_WARN_EMPTY_BODY = YES;
				CLANG_WARN_ENUM_CONVERSION = YES;
				CLANG_WARN_INFINITE_RECURSION = YES;
				CLANG_WARN_INT_CONVERSION = YES;
				CLANG_WARN_NON_LITERAL_NULL_CONVERSION = YES;
				CLANG_WARN_OBJC_IMPLICIT_RETAIN_SELF = YES;
				CLANG_WARN_OBJC_LITERAL_CONVERSION = YES;
				CLANG_WARN_OBJC_ROOT_CLASS = YES_ERROR;
				CLANG_WARN_RANGE_LOOP_ANALYSIS = YES;
				CLANG_WARN_STRICT_PROTOTYPES = YES;
				CLANG_WARN_SUSPICIOUS_MOVE = YES;
				CLANG_WARN_UNGUARDED_AVAILABILITY = YES_AGGRESSIVE;
				CLANG_WARN_UNREACHABLE_CODE = YES;
				CLANG_WARN__DUPLICATE_METHOD_MATCH = YES;
				COPY_PHASE_STRIP = NO;
				DEBUG_INFORMATION_FORMAT = dwarf;
				ENABLE_STRICT_OBJC_MSGSEND = YES;
				ENABLE_TESTABILITY = YES;
				GCC_C_LANGUAGE_STANDARD = gnu11;
				GCC_DYNAMIC_NO_PIC = NO;
				GCC_NO_COMMON_BLOCKS = YES;
				GCC_OPTIMIZATION_LEVEL = 0;
				GCC_PREPROCESSOR_DEFINITIONS = (
					"DEBUG=1",
					"$(inherited)",
				);
				GCC_WARN_64_TO_32_BIT_CONVERSION = YES;
				GCC_WARN_ABOUT_RETURN_TYPE = YES_ERROR;
				GCC_WARN_UNDECLARED_SELECTOR = YES;
				GCC_WARN_UNINITIALIZED_AUTOS = YES_AGGRESSIVE;
				GCC_WARN_UNUSED_FUNCTION = YES;
				GCC_WARN_UNUSED_VARIABLE = YES;
				IPHONEOS_DEPLOYMENT_TARGET = 13.5;
				MTL_ENABLE_DEBUG_INFO = INCLUDE_SOURCE;
				MTL_FAST_MATH = YES;
				ONLY_ACTIVE_ARCH = YES;
				SDKROOT = iphoneos;
				SWIFT_ACTIVE_COMPILATION_CONDITIONS = DEBUG;
				SWIFT_OPTIMIZATION_LEVEL = "-Onone";
			};
			name = Debug;
		};
		28F046BE2484EE4C00B08D5E /* Release */ = {
			isa = XCBuildConfiguration;
			buildSettings = {
				ALWAYS_SEARCH_USER_PATHS = NO;
				CLANG_ANALYZER_NONNULL = YES;
				CLANG_ANALYZER_NUMBER_OBJECT_CONVERSION = YES_AGGRESSIVE;
				CLANG_CXX_LANGUAGE_STANDARD = "gnu++14";
				CLANG_CXX_LIBRARY = "libc++";
				CLANG_ENABLE_MODULES = YES;
				CLANG_ENABLE_OBJC_ARC = YES;
				CLANG_ENABLE_OBJC_WEAK = YES;
				CLANG_WARN_BLOCK_CAPTURE_AUTORELEASING = YES;
				CLANG_WARN_BOOL_CONVERSION = YES;
				CLANG_WARN_COMMA = YES;
				CLANG_WARN_CONSTANT_CONVERSION = YES;
				CLANG_WARN_DEPRECATED_OBJC_IMPLEMENTATIONS = YES;
				CLANG_WARN_DIRECT_OBJC_ISA_USAGE = YES_ERROR;
				CLANG_WARN_DOCUMENTATION_COMMENTS = YES;
				CLANG_WARN_EMPTY_BODY = YES;
				CLANG_WARN_ENUM_CONVERSION = YES;
				CLANG_WARN_INFINITE_RECURSION = YES;
				CLANG_WARN_INT_CONVERSION = YES;
				CLANG_WARN_NON_LITERAL_NULL_CONVERSION = YES;
				CLANG_WARN_OBJC_IMPLICIT_RETAIN_SELF = YES;
				CLANG_WARN_OBJC_LITERAL_CONVERSION = YES;
				CLANG_WARN_OBJC_ROOT_CLASS = YES_ERROR;
				CLANG_WARN_RANGE_LOOP_ANALYSIS = YES;
				CLANG_WARN_STRICT_PROTOTYPES = YES;
				CLANG_WARN_SUSPICIOUS_MOVE = YES;
				CLANG_WARN_UNGUARDED_AVAILABILITY = YES_AGGRESSIVE;
				CLANG_WARN_UNREACHABLE_CODE = YES;
				CLANG_WARN__DUPLICATE_METHOD_MATCH = YES;
				COPY_PHASE_STRIP = NO;
				DEBUG_INFORMATION_FORMAT = "dwarf-with-dsym";
				ENABLE_NS_ASSERTIONS = NO;
				ENABLE_STRICT_OBJC_MSGSEND = YES;
				GCC_C_LANGUAGE_STANDARD = gnu11;
				GCC_NO_COMMON_BLOCKS = YES;
				GCC_WARN_64_TO_32_BIT_CONVERSION = YES;
				GCC_WARN_ABOUT_RETURN_TYPE = YES_ERROR;
				GCC_WARN_UNDECLARED_SELECTOR = YES;
				GCC_WARN_UNINITIALIZED_AUTOS = YES_AGGRESSIVE;
				GCC_WARN_UNUSED_FUNCTION = YES;
				GCC_WARN_UNUSED_VARIABLE = YES;
				IPHONEOS_DEPLOYMENT_TARGET = 13.5;
				MTL_ENABLE_DEBUG_INFO = NO;
				MTL_FAST_MATH = YES;
				SDKROOT = iphoneos;
				SWIFT_COMPILATION_MODE = wholemodule;
				SWIFT_OPTIMIZATION_LEVEL = "-O";
				VALIDATE_PRODUCT = YES;
			};
			name = Release;
		};
		28F046C02484EE4C00B08D5E /* Debug */ = {
			isa = XCBuildConfiguration;
			buildSettings = {
				ASSETCATALOG_COMPILER_APPICON_NAME = AppIcon;
				CODE_SIGN_STYLE = Automatic;
				DEVELOPMENT_TEAM = FB8T4948S9;
				INFOPLIST_FILE = "FacebookAuth Demo/Info.plist";
				LD_RUNPATH_SEARCH_PATHS = (
					"$(inherited)",
					"@executable_path/Frameworks",
				);
				PRODUCT_BUNDLE_IDENTIFIER = "com.nabeel-test.fbauthdemo.FacebookAuth-Demo";
				PRODUCT_NAME = "$(TARGET_NAME)";
				SWIFT_VERSION = 5.0;
				TARGETED_DEVICE_FAMILY = "1,2";
			};
			name = Debug;
		};
		28F046C12484EE4C00B08D5E /* Release */ = {
			isa = XCBuildConfiguration;
			buildSettings = {
				ASSETCATALOG_COMPILER_APPICON_NAME = AppIcon;
				CODE_SIGN_STYLE = Automatic;
				DEVELOPMENT_TEAM = FB8T4948S9;
				INFOPLIST_FILE = "FacebookAuth Demo/Info.plist";
				LD_RUNPATH_SEARCH_PATHS = (
					"$(inherited)",
					"@executable_path/Frameworks",
				);
				PRODUCT_BUNDLE_IDENTIFIER = "com.nabeel-test.fbauthdemo.FacebookAuth-Demo";
				PRODUCT_NAME = "$(TARGET_NAME)";
				SWIFT_VERSION = 5.0;
				TARGETED_DEVICE_FAMILY = "1,2";
			};
			name = Release;
		};
/* End XCBuildConfiguration section */

/* Begin XCConfigurationList section */
		28F046A62484EE4B00B08D5E /* Build configuration list for PBXProject "FacebookAuth Demo" */ = {
			isa = XCConfigurationList;
			buildConfigurations = (
				28F046BD2484EE4C00B08D5E /* Debug */,
				28F046BE2484EE4C00B08D5E /* Release */,
			);
			defaultConfigurationIsVisible = 0;
			defaultConfigurationName = Release;
		};
		28F046BF2484EE4C00B08D5E /* Build configuration list for PBXNativeTarget "FacebookAuth Demo" */ = {
			isa = XCConfigurationList;
			buildConfigurations = (
				28F046C02484EE4C00B08D5E /* Debug */,
				28F046C12484EE4C00B08D5E /* Release */,
			);
			defaultConfigurationIsVisible = 0;
			defaultConfigurationName = Release;
		};
/* End XCConfigurationList section */
	};
	rootObject = 28F046A32484EE4B00B08D5E /* Project object */;
}
